<?xml version="1.0" encoding="utf-8"?>
<Project ToolsVersion="4.0" xmlns="http://schemas.microsoft.com/developer/msbuild/2003">
  <ItemGroup>
    <ClCompile Include="src\main.cpp" />
    <ClCompile Include="src\Relay.cpp" />
    <ClCompile Include="src\RTMP.cpp" />
    <ClCompile Include="src\Utils.cpp" />
    <ClCompile Include="external\cppsocket\Network.cpp">
      <Filter>cppsocket</Filter>
    </ClCompile>
    <ClCompile Include="external\cppsocket\Socket.cpp">
      <Filter>cppsocket</Filter>
    </ClCompile>
    <ClCompile Include="external\yaml-cpp\src\binary.cpp">
      <Filter>yaml-cpp</Filter>
    </ClCompile>
    <ClCompile Include="external\yaml-cpp\src\convert.cpp">
      <Filter>yaml-cpp</Filter>
    </ClCompile>
    <ClCompile Include="external\yaml-cpp\src\directives.cpp">
      <Filter>yaml-cpp</Filter>
    </ClCompile>
    <ClCompile Include="external\yaml-cpp\src\emit.cpp">
      <Filter>yaml-cpp</Filter>
    </ClCompile>
    <ClCompile Include="external\yaml-cpp\src\emitfromevents.cpp">
      <Filter>yaml-cpp</Filter>
    </ClCompile>
    <ClCompile Include="external\yaml-cpp\src\emitter.cpp">
      <Filter>yaml-cpp</Filter>
    </ClCompile>
    <ClCompile Include="external\yaml-cpp\src\emitterstate.cpp">
      <Filter>yaml-cpp</Filter>
    </ClCompile>
    <ClCompile Include="external\yaml-cpp\src\emitterutils.cpp">
      <Filter>yaml-cpp</Filter>
    </ClCompile>
    <ClCompile Include="external\yaml-cpp\src\exp.cpp">
      <Filter>yaml-cpp</Filter>
    </ClCompile>
    <ClCompile Include="external\yaml-cpp\src\memory.cpp">
      <Filter>yaml-cpp</Filter>
    </ClCompile>
    <ClCompile Include="external\yaml-cpp\src\node.cpp">
      <Filter>yaml-cpp</Filter>
    </ClCompile>
    <ClCompile Include="external\yaml-cpp\src\node_data.cpp">
      <Filter>yaml-cpp</Filter>
    </ClCompile>
    <ClCompile Include="external\yaml-cpp\src\nodebuilder.cpp">
      <Filter>yaml-cpp</Filter>
    </ClCompile>
    <ClCompile Include="external\yaml-cpp\src\nodeevents.cpp">
      <Filter>yaml-cpp</Filter>
    </ClCompile>
    <ClCompile Include="external\yaml-cpp\src\null.cpp">
      <Filter>yaml-cpp</Filter>
    </ClCompile>
    <ClCompile Include="external\yaml-cpp\src\ostream_wrapper.cpp">
      <Filter>yaml-cpp</Filter>
    </ClCompile>
    <ClCompile Include="external\yaml-cpp\src\parse.cpp">
      <Filter>yaml-cpp</Filter>
    </ClCompile>
    <ClCompile Include="external\yaml-cpp\src\parser.cpp">
      <Filter>yaml-cpp</Filter>
    </ClCompile>
    <ClCompile Include="external\yaml-cpp\src\regex_yaml.cpp">
      <Filter>yaml-cpp</Filter>
    </ClCompile>
    <ClCompile Include="external\yaml-cpp\src\scanner.cpp">
      <Filter>yaml-cpp</Filter>
    </ClCompile>
    <ClCompile Include="external\yaml-cpp\src\scanscalar.cpp">
      <Filter>yaml-cpp</Filter>
    </ClCompile>
    <ClCompile Include="external\yaml-cpp\src\scantag.cpp">
      <Filter>yaml-cpp</Filter>
    </ClCompile>
    <ClCompile Include="external\yaml-cpp\src\scantoken.cpp">
      <Filter>yaml-cpp</Filter>
    </ClCompile>
    <ClCompile Include="external\yaml-cpp\src\simplekey.cpp">
      <Filter>yaml-cpp</Filter>
    </ClCompile>
    <ClCompile Include="external\yaml-cpp\src\singledocparser.cpp">
      <Filter>yaml-cpp</Filter>
    </ClCompile>
    <ClCompile Include="external\yaml-cpp\src\stream.cpp">
      <Filter>yaml-cpp</Filter>
    </ClCompile>
    <ClCompile Include="external\yaml-cpp\src\tag.cpp">
      <Filter>yaml-cpp</Filter>
    </ClCompile>
    <ClCompile Include="external\cppsocket\Log.cpp">
      <Filter>cppsocket</Filter>
    </ClCompile>
    <ClCompile Include="src\Status.cpp" />
    <ClCompile Include="src\StatusSender.cpp" />
    <ClCompile Include="src\Connection.cpp" />
    <ClCompile Include="src\Server.cpp" />
    <ClCompile Include="src\Amf.cpp" />
    <ClCompile Include="src\Stream.cpp" />
  </ItemGroup>
  <ItemGroup>
    <ClInclude Include="src\Constants.hpp" />
    <ClInclude Include="src\Relay.hpp" />
    <ClInclude Include="src\RTMP.hpp" />
    <ClInclude Include="src\Utils.hpp" />
    <ClInclude Include="external\cppsocket\Network.hpp">
      <Filter>cppsocket</Filter>
    </ClInclude>
    <ClInclude Include="external\cppsocket\Socket.hpp">
      <Filter>cppsocket</Filter>
    </ClInclude>
    <ClInclude Include="external\yaml-cpp\src\collectionstack.h">
      <Filter>yaml-cpp</Filter>
    </ClInclude>
    <ClInclude Include="external\yaml-cpp\src\directives.h">
      <Filter>yaml-cpp</Filter>
    </ClInclude>
    <ClInclude Include="external\yaml-cpp\src\emitterstate.h">
      <Filter>yaml-cpp</Filter>
    </ClInclude>
    <ClInclude Include="external\yaml-cpp\src\emitterutils.h">
      <Filter>yaml-cpp</Filter>
    </ClInclude>
    <ClInclude Include="external\yaml-cpp\src\exp.h">
      <Filter>yaml-cpp</Filter>
    </ClInclude>
    <ClInclude Include="external\yaml-cpp\src\indentation.h">
      <Filter>yaml-cpp</Filter>
    </ClInclude>
    <ClInclude Include="external\yaml-cpp\src\nodebuilder.h">
      <Filter>yaml-cpp</Filter>
    </ClInclude>
    <ClInclude Include="external\yaml-cpp\src\nodeevents.h">
      <Filter>yaml-cpp</Filter>
    </ClInclude>
    <ClInclude Include="external\yaml-cpp\src\ptr_vector.h">
      <Filter>yaml-cpp</Filter>
    </ClInclude>
    <ClInclude Include="external\yaml-cpp\src\regex_yaml.h">
      <Filter>yaml-cpp</Filter>
    </ClInclude>
    <ClInclude Include="external\yaml-cpp\src\regeximpl.h">
      <Filter>yaml-cpp</Filter>
    </ClInclude>
    <ClInclude Include="external\yaml-cpp\src\scanner.h">
      <Filter>yaml-cpp</Filter>
    </ClInclude>
    <ClInclude Include="external\yaml-cpp\src\scanscalar.h">
      <Filter>yaml-cpp</Filter>
    </ClInclude>
    <ClInclude Include="external\yaml-cpp\src\scantag.h">
      <Filter>yaml-cpp</Filter>
    </ClInclude>
    <ClInclude Include="external\yaml-cpp\src\setting.h">
      <Filter>yaml-cpp</Filter>
    </ClInclude>
    <ClInclude Include="external\yaml-cpp\src\singledocparser.h">
      <Filter>yaml-cpp</Filter>
    </ClInclude>
    <ClInclude Include="external\yaml-cpp\src\stream.h">
      <Filter>yaml-cpp</Filter>
    </ClInclude>
    <ClInclude Include="external\yaml-cpp\src\streamcharsource.h">
      <Filter>yaml-cpp</Filter>
    </ClInclude>
    <ClInclude Include="external\yaml-cpp\src\stringsource.h">
      <Filter>yaml-cpp</Filter>
    </ClInclude>
    <ClInclude Include="external\yaml-cpp\src\tag.h">
      <Filter>yaml-cpp</Filter>
    </ClInclude>
    <ClInclude Include="external\yaml-cpp\src\token.h">
      <Filter>yaml-cpp</Filter>
    </ClInclude>
    <ClInclude Include="external\cppsocket\Log.hpp">
      <Filter>cppsocket</Filter>
    </ClInclude>
    <ClInclude Include="src\Status.hpp" />
    <ClInclude Include="src\StatusSender.hpp" />
    <ClInclude Include="src\Connection.hpp" />
    <ClInclude Include="src\Server.hpp" />
    <ClInclude Include="src\Amf.hpp" />
    <ClInclude Include="src\MersanneTwister.hpp" />
    <ClInclude Include="src\Stream.hpp" />
    <ClInclude Include="src\Endpoint.hpp" />
  </ItemGroup>
  <ItemGroup>
    <Filter Include="cppsocket">
      <UniqueIdentifier>{9587606b-f203-49bb-9c05-e126a43a829e}</UniqueIdentifier>
    </Filter>
    <Filter Include="yaml-cpp">
      <UniqueIdentifier>{78c619f9-a0ef-482d-849a-035252f31e2a}</UniqueIdentifier>
    </Filter>
  </ItemGroup>
</Project>